
Microsoft Visual Studio Solution File, Format Version 12.00
# Visual Studio Version 16
VisualStudioVersion = 16.0.30011.22
MinimumVisualStudioVersion = 10.0.40219.1
Project("{FAE04EC0-301F-11D3-BF4B-00C04F79EFBC}") = "EnhancedTimerTrigger", "EnhancedTimerTrigger\EnhancedTimerTrigger.csproj", "{EEA451B2-248E-48EF-A420-9FCB8B7C0A0A}"
EndProject
Global
	GlobalSection(SolutionConfigurationPlatforms) = preSolution
		Debug|Any CPU = Debug|Any CPU
		Release|Any CPU = Release|Any CPU
	EndGlobalSection
	GlobalSection(ProjectConfigurationPlatforms) = postSolution
		{EEA451B2-248E-48EF-A420-9FCB8B7C0A0A}.Debug|Any CPU.ActiveCfg = Debug|Any CPU
		{EEA451B2-248E-48EF-A420-9FCB8B7C0A0A}.Debug|Any CPU.Build.0 = Debug|Any CPU
		{EEA451B2-248E-48EF-A420-9FCB8B7C0A0A}.Release|Any CPU.ActiveCfg = Release|Any CPU
		{EEA451B2-248E-48EF-A420-9FCB8B7C0A0A}.Release|Any CPU.Build.0 = Release|Any CPU
	EndGlobalSection
	GlobalSection(SolutionProperties) = preSolution
		HideSolutionNode = FALSE
	EndGlobalSection
	GlobalSection(ExtensibilityGlobals) = postSolution
		SolutionGuid = {22C650C9-C215-4F4A-B6CA-236C1E25DC37}
	EndGlobalSection
EndGlobal
